
Microsoft Visual Studio Solution File, Format Version 12.00
# Visual Studio Version 17
VisualStudioVersion = 17.10.34916.146
MinimumVisualStudioVersion = 10.0.40219.1
Project("{FAE04EC0-301F-11D3-BF4B-00C04F79EFBC}") = "Repositories", "Models\Repositories.csproj", "{4FF4DC80-8EE3-4822-8A87-F8072645BBC8}"
EndProject
Project("{FAE04EC0-301F-11D3-BF4B-00C04F79EFBC}") = "Controllers", "ClassLibrary1\Controllers.csproj", "{449A6B6F-E908-4D4F-91CB-D5C4BC480A93}"
EndProject
Project("{FAE04EC0-301F-11D3-BF4B-00C04F79EFBC}") = "Models", "ClassLibrary2\Models.csproj", "{6659EE80-D23D-46FE-B9FC-B993887EDD7B}"
EndProject
Project("{FAE04EC0-301F-11D3-BF4B-00C04F79EFBC}") = "Services", "Services\Services.csproj", "{2B24EC74-199D-4C43-9AF2-65038483E01A}"
EndProject
Project("{FAE04EC0-301F-11D3-BF4B-00C04F79EFBC}") = "projAula2", "projAula2\projAula2.csproj", "{B50B2B10-0773-489C-9FAC-08AC556938BC}"
EndProject
Global
	GlobalSection(SolutionConfigurationPlatforms) = preSolution
		Debug|Any CPU = Debug|Any CPU
		Release|Any CPU = Release|Any CPU
	EndGlobalSection
	GlobalSection(ProjectConfigurationPlatforms) = postSolution
		{4FF4DC80-8EE3-4822-8A87-F8072645BBC8}.Debug|Any CPU.ActiveCfg = Debug|Any CPU
		{4FF4DC80-8EE3-4822-8A87-F8072645BBC8}.Debug|Any CPU.Build.0 = Debug|Any CPU
		{4FF4DC80-8EE3-4822-8A87-F8072645BBC8}.Release|Any CPU.ActiveCfg = Release|Any CPU
		{4FF4DC80-8EE3-4822-8A87-F8072645BBC8}.Release|Any CPU.Build.0 = Release|Any CPU
		{449A6B6F-E908-4D4F-91CB-D5C4BC480A93}.Debug|Any CPU.ActiveCfg = Debug|Any CPU
		{449A6B6F-E908-4D4F-91CB-D5C4BC480A93}.Debug|Any CPU.Build.0 = Debug|Any CPU
		{449A6B6F-E908-4D4F-91CB-D5C4BC480A93}.Release|Any CPU.ActiveCfg = Release|Any CPU
		{449A6B6F-E908-4D4F-91CB-D5C4BC480A93}.Release|Any CPU.Build.0 = Release|Any CPU
		{6659EE80-D23D-46FE-B9FC-B993887EDD7B}.Debug|Any CPU.ActiveCfg = Debug|Any CPU
		{6659EE80-D23D-46FE-B9FC-B993887EDD7B}.Debug|Any CPU.Build.0 = Debug|Any CPU
		{6659EE80-D23D-46FE-B9FC-B993887EDD7B}.Release|Any CPU.ActiveCfg = Release|Any CPU
		{6659EE80-D23D-46FE-B9FC-B993887EDD7B}.Release|Any CPU.Build.0 = Release|Any CPU
		{2B24EC74-199D-4C43-9AF2-65038483E01A}.Debug|Any CPU.ActiveCfg = Debug|Any CPU
		{2B24EC74-199D-4C43-9AF2-65038483E01A}.Debug|Any CPU.Build.0 = Debug|Any CPU
		{2B24EC74-199D-4C43-9AF2-65038483E01A}.Release|Any CPU.ActiveCfg = Release|Any CPU
		{2B24EC74-199D-4C43-9AF2-65038483E01A}.Release|Any CPU.Build.0 = Release|Any CPU
		{B50B2B10-0773-489C-9FAC-08AC556938BC}.Debug|Any CPU.ActiveCfg = Debug|Any CPU
		{B50B2B10-0773-489C-9FAC-08AC556938BC}.Debug|Any CPU.Build.0 = Debug|Any CPU
		{B50B2B10-0773-489C-9FAC-08AC556938BC}.Release|Any CPU.ActiveCfg = Release|Any CPU
		{B50B2B10-0773-489C-9FAC-08AC556938BC}.Release|Any CPU.Build.0 = Release|Any CPU
	EndGlobalSection
	GlobalSection(SolutionProperties) = preSolution
		HideSolutionNode = FALSE
	EndGlobalSection
	GlobalSection(ExtensibilityGlobals) = postSolution
		SolutionGuid = {1AFCCFF1-57E2-4513-A50C-1771A22A2615}
	EndGlobalSection
EndGlobal
